Microsoft Visual Studio Solution File, Format Version 12.00
# Visual Studio Version 16
VisualStudioVersion = 16.0.0.0
MinimumVisualStudioVersion = 16.0.0.0
Project("{9A19103F-16F7-4668-BE54-9A1E7A4F7556}") = "blazor8Identity", "blazor8Identity\blazor8Identity.csproj", "{CF29BF77-C663-4AC9-822E-4C01832A03A9}"
EndProject
Project("{9A19103F-16F7-4668-BE54-9A1E7A4F7556}") = "blazor8Identity.Client", "blazor8Identity.Client\blazor8Identity.Client.csproj", "{9CBB0C10-8674-4E0F-B13E-87AEB12D8210}"
EndProject
Global
	GlobalSection(SolutionConfigurationPlatforms) = preSolution
		Debug|Any CPU = Debug|Any CPU
		Debug|x64 = Debug|x64
		Debug|x86 = Debug|x86
		Release|Any CPU = Release|Any CPU
		Release|x64 = Release|x64
		Release|x86 = Release|x86
	EndGlobalSection
	GlobalSection(ProjectConfigurationPlatforms) = postSolution
		{9CBB0C10-8674-4E0F-B13E-87AEB12D8210}.Debug|Any CPU.ActiveCfg = Debug|Any CPU
		{9CBB0C10-8674-4E0F-B13E-87AEB12D8210}.Debug|Any CPU.Build.0 = Debug|Any CPU
		{9CBB0C10-8674-4E0F-B13E-87AEB12D8210}.Debug|x64.ActiveCfg = Debug|Any CPU
		{9CBB0C10-8674-4E0F-B13E-87AEB12D8210}.Debug|x64.Build.0 = Debug|Any CPU
		{9CBB0C10-8674-4E0F-B13E-87AEB12D8210}.Debug|x86.ActiveCfg = Debug|Any CPU
		{9CBB0C10-8674-4E0F-B13E-87AEB12D8210}.Debug|x86.Build.0 = Debug|Any CPU
		{9CBB0C10-8674-4E0F-B13E-87AEB12D8210}.Release|Any CPU.ActiveCfg = Release|Any CPU
		{9CBB0C10-8674-4E0F-B13E-87AEB12D8210}.Release|Any CPU.Build.0 = Release|Any CPU
		{9CBB0C10-8674-4E0F-B13E-87AEB12D8210}.Release|x64.ActiveCfg = Release|Any CPU
		{9CBB0C10-8674-4E0F-B13E-87AEB12D8210}.Release|x64.Build.0 = Release|Any CPU
		{9CBB0C10-8674-4E0F-B13E-87AEB12D8210}.Release|x86.ActiveCfg = Release|Any CPU
		{9CBB0C10-8674-4E0F-B13E-87AEB12D8210}.Release|x86.Build.0 = Release|Any CPU
		{CF29BF77-C663-4AC9-822E-4C01832A03A9}.Debug|Any CPU.ActiveCfg = Debug|Any CPU
		{CF29BF77-C663-4AC9-822E-4C01832A03A9}.Debug|Any CPU.Build.0 = Debug|Any CPU
		{CF29BF77-C663-4AC9-822E-4C01832A03A9}.Debug|x64.ActiveCfg = Debug|Any CPU
		{CF29BF77-C663-4AC9-822E-4C01832A03A9}.Debug|x64.Build.0 = Debug|Any CPU
		{CF29BF77-C663-4AC9-822E-4C01832A03A9}.Debug|x86.ActiveCfg = Debug|Any CPU
		{CF29BF77-C663-4AC9-822E-4C01832A03A9}.Debug|x86.Build.0 = Debug|Any CPU
		{CF29BF77-C663-4AC9-822E-4C01832A03A9}.Release|Any CPU.ActiveCfg = Release|Any CPU
		{CF29BF77-C663-4AC9-822E-4C01832A03A9}.Release|Any CPU.Build.0 = Release|Any CPU
		{CF29BF77-C663-4AC9-822E-4C01832A03A9}.Release|x64.ActiveCfg = Release|Any CPU
		{CF29BF77-C663-4AC9-822E-4C01832A03A9}.Release|x64.Build.0 = Release|Any CPU
		{CF29BF77-C663-4AC9-822E-4C01832A03A9}.Release|x86.ActiveCfg = Release|Any CPU
		{CF29BF77-C663-4AC9-822E-4C01832A03A9}.Release|x86.Build.0 = Release|Any CPU
	EndGlobalSection
	GlobalSection(SolutionProperties) = preSolution
		HideSolutionNode = FALSE
	EndGlobalSection
	GlobalSection(ExtensibilityGlobals) = postSolution
		SolutionGuid = {4D51A87A-08C1-4451-9E5D-09769335EC31}
	EndGlobalSection
EndGlobal
